
Microsoft Visual Studio Solution File, Format Version 12.00
# Visual Studio Version 17
VisualStudioVersion = 17.9.34607.119
MinimumVisualStudioVersion = 10.0.40219.1
Project("{FAE04EC0-301F-11D3-BF4B-00C04F79EFBC}") = "Expense_Tracker", "Expense Tracker\Expense_Tracker.csproj", "{BC2426BC-7748-4857-AC87-A37BFD1A57AB}"
EndProject
Project("{2150E333-8FDC-42A3-9474-1A3956D46DE8}") = "Solution Items", "Solution Items", "{BD088C42-4CEA-4569-AEFC-C2C5CD45C2B8}"
	ProjectSection(SolutionItems) = preProject
		.editorconfig = .editorconfig
	EndProjectSection
EndProject
Global
	GlobalSection(SolutionConfigurationPlatforms) = preSolution
		Debug|Any CPU = Debug|Any CPU
		Release|Any CPU = Release|Any CPU
	EndGlobalSection
	GlobalSection(ProjectConfigurationPlatforms) = postSolution
		{BC2426BC-7748-4857-AC87-A37BFD1A57AB}.Debug|Any CPU.ActiveCfg = Debug|Any CPU
		{BC2426BC-7748-4857-AC87-A37BFD1A57AB}.Debug|Any CPU.Build.0 = Debug|Any CPU
		{BC2426BC-7748-4857-AC87-A37BFD1A57AB}.Release|Any CPU.ActiveCfg = Release|Any CPU
		{BC2426BC-7748-4857-AC87-A37BFD1A57AB}.Release|Any CPU.Build.0 = Release|Any CPU
	EndGlobalSection
	GlobalSection(SolutionProperties) = preSolution
		HideSolutionNode = FALSE
	EndGlobalSection
	GlobalSection(ExtensibilityGlobals) = postSolution
		SolutionGuid = {8312F474-C44E-45E4-BE7A-14DEA72D7CB5}
	EndGlobalSection
EndGlobal
